
Microsoft Visual Studio Solution File, Format Version 12.00
# Visual Studio Version 17
VisualStudioVersion = 17.0.31912.275
MinimumVisualStudioVersion = 10.0.40219.1
Project("{FAE04EC0-301F-11D3-BF4B-00C04F79EFBC}") = "Crusty.Bannerlord.ProveYourLove", "Crusty.Bannerlord.ProveYourLove.csproj", "{9DFC46A4-8CD1-4B89-A908-00422F994F22}"
EndProject
Global
	GlobalSection(SolutionConfigurationPlatforms) = preSolution
		Debug|x64 = Debug|x64
		Release|x64 = Release|x64
	EndGlobalSection
	GlobalSection(ProjectConfigurationPlatforms) = postSolution
		{9DFC46A4-8CD1-4B89-A908-00422F994F22}.Debug|x64.ActiveCfg = Debug|x64
		{9DFC46A4-8CD1-4B89-A908-00422F994F22}.Debug|x64.Build.0 = Debug|x64
		{9DFC46A4-8CD1-4B89-A908-00422F994F22}.Release|x64.ActiveCfg = Release|x64
		{9DFC46A4-8CD1-4B89-A908-00422F994F22}.Release|x64.Build.0 = Release|x64
	EndGlobalSection
	GlobalSection(SolutionProperties) = preSolution
		HideSolutionNode = FALSE
	EndGlobalSection
	GlobalSection(ExtensibilityGlobals) = postSolution
		SolutionGuid = {C21377E6-4292-4911-B36C-C49934E00710}
	EndGlobalSection
EndGlobal
